
Microsoft Visual Studio Solution File, Format Version 12.00
# Visual Studio Version 17
VisualStudioVersion = 17.11.35303.130
MinimumVisualStudioVersion = 10.0.40219.1
Project("{FAE04EC0-301F-11D3-BF4B-00C04F79EFBC}") = "Desafio Prog", "Desafio Prog\Desafio Prog.csproj", "{EA19A83F-4F5B-4E62-B0D3-6DA6A15672AD}"
EndProject
Global
	GlobalSection(SolutionConfigurationPlatforms) = preSolution
		Debug|Any CPU = Debug|Any CPU
		Release|Any CPU = Release|Any CPU
	EndGlobalSection
	GlobalSection(ProjectConfigurationPlatforms) = postSolution
		{EA19A83F-4F5B-4E62-B0D3-6DA6A15672AD}.Debug|Any CPU.ActiveCfg = Debug|Any CPU
		{EA19A83F-4F5B-4E62-B0D3-6DA6A15672AD}.Debug|Any CPU.Build.0 = Debug|Any CPU
		{EA19A83F-4F5B-4E62-B0D3-6DA6A15672AD}.Release|Any CPU.ActiveCfg = Release|Any CPU
		{EA19A83F-4F5B-4E62-B0D3-6DA6A15672AD}.Release|Any CPU.Build.0 = Release|Any CPU
	EndGlobalSection
	GlobalSection(SolutionProperties) = preSolution
		HideSolutionNode = FALSE
	EndGlobalSection
	GlobalSection(ExtensibilityGlobals) = postSolution
		SolutionGuid = {51CBED98-D8C1-4111-93F5-04804AEB5E84}
	EndGlobalSection
EndGlobal
